
Microsoft Visual Studio Solution File, Format Version 12.00
# Visual Studio Version 16
VisualStudioVersion = 16.0.31424.327
MinimumVisualStudioVersion = 10.0.40219.1
Project("{FAE04EC0-301F-11D3-BF4B-00C04F79EFBC}") = "War_Preparations", "War_Preparations.csproj", "{24598F43-2F8A-4ADF-A1DE-7C7DA667BDF6}"
EndProject
Global
	GlobalSection(SolutionConfigurationPlatforms) = preSolution
		Debug|Any CPU = Debug|Any CPU
		Release|Any CPU = Release|Any CPU
	EndGlobalSection
	GlobalSection(ProjectConfigurationPlatforms) = postSolution
		{24598F43-2F8A-4ADF-A1DE-7C7DA667BDF6}.Debug|Any CPU.ActiveCfg = Debug|Any CPU
		{24598F43-2F8A-4ADF-A1DE-7C7DA667BDF6}.Debug|Any CPU.Build.0 = Debug|Any CPU
		{24598F43-2F8A-4ADF-A1DE-7C7DA667BDF6}.Release|Any CPU.ActiveCfg = Release|Any CPU
		{24598F43-2F8A-4ADF-A1DE-7C7DA667BDF6}.Release|Any CPU.Build.0 = Release|Any CPU
	EndGlobalSection
	GlobalSection(SolutionProperties) = preSolution
		HideSolutionNode = FALSE
	EndGlobalSection
	GlobalSection(ExtensibilityGlobals) = postSolution
		SolutionGuid = {EFD5B6BF-1852-4CC1-B2A9-6A0A654F8EAB}
	EndGlobalSection
EndGlobal
